Microsoft Visual Studio Solution File, Format Version 11.00
# Visual Studio 2008

Project("{378DCD3A-B0BB-B08E-898E-CF13E51D010A}") = "unity-voxel", "Assembly-CSharp.csproj", "{030EE5D3-DE60-AFC5-2AA8-D9CBE1D051A1}"
EndProject
Project("{378DCD3A-B0BB-B08E-898E-CF13E51D010A}") = "unity-voxel", "Assembly-CSharp-Editor.csproj", "{D78867C2-4478-67AC-4064-FD3690BCE8F6}"
EndProject
Global
	GlobalSection(SolutionConfigurationPlatforms) = preSolution
		Debug|Any CPU = Debug|Any CPU
		Release|Any CPU = Release|Any CPU
	EndGlobalSection
	GlobalSection(ProjectConfigurationPlatforms) = postSolution
		{030EE5D3-DE60-AFC5-2AA8-D9CBE1D051A1}.Debug|Any CPU.ActiveCfg = Debug|Any CPU
		{030EE5D3-DE60-AFC5-2AA8-D9CBE1D051A1}.Debug|Any CPU.Build.0 = Debug|Any CPU
		{030EE5D3-DE60-AFC5-2AA8-D9CBE1D051A1}.Release|Any CPU.ActiveCfg = Release|Any CPU
		{030EE5D3-DE60-AFC5-2AA8-D9CBE1D051A1}.Release|Any CPU.Build.0 = Release|Any CPU
		{D78867C2-4478-67AC-4064-FD3690BCE8F6}.Debug|Any CPU.ActiveCfg = Debug|Any CPU
		{D78867C2-4478-67AC-4064-FD3690BCE8F6}.Debug|Any CPU.Build.0 = Debug|Any CPU
		{D78867C2-4478-67AC-4064-FD3690BCE8F6}.Release|Any CPU.ActiveCfg = Release|Any CPU
		{D78867C2-4478-67AC-4064-FD3690BCE8F6}.Release|Any CPU.Build.0 = Release|Any CPU
	EndGlobalSection
	GlobalSection(SolutionProperties) = preSolution
		HideSolutionNode = FALSE
	EndGlobalSection
																									GlobalSection(MonoDevelopProperties) = preSolution
		StartupItem = Assembly-CSharp.csproj
		Policies = $0
		$0.TextStylePolicy = $1
		$1.inheritsSet = null
		$1.scope = text/x-csharp
		$0.CSharpFormattingPolicy = $2
		$2.inheritsSet = Mono
		$2.inheritsScope = text/x-csharp
		$2.scope = text/x-csharp
		$0.TextStylePolicy = $3
		$3.FileWidth = 120
		$3.TabWidth = 4
		$3.IndentWidth = 4
		$3.EolMarker = Unix
		$3.inheritsSet = Mono
		$3.inheritsScope = text/plain
		$3.scope = text/plain
	EndGlobalSection

EndGlobal
