Microsoft Visual Studio Solution File, Format Version 11.00
# Visual Studio 2008

Project("{6F2FC04F-754D-6869-162F-204882419522}") = "unityVox", "Assembly-CSharp.csproj", "{207F7920-58FB-258F-7D27-E3DF25F30FB8}"
EndProject
Project("{6F2FC04F-754D-6869-162F-204882419522}") = "unityVox", "Assembly-CSharp-Editor.csproj", "{C37BE796-A8D2-BB78-8873-A5C9B6BBAEA3}"
EndProject
Global
	GlobalSection(SolutionConfigurationPlatforms) = preSolution
		Debug|Any CPU = Debug|Any CPU
		Release|Any CPU = Release|Any CPU
	EndGlobalSection
	GlobalSection(ProjectConfigurationPlatforms) = postSolution
		{207F7920-58FB-258F-7D27-E3DF25F30FB8}.Debug|Any CPU.ActiveCfg = Debug|Any CPU
		{207F7920-58FB-258F-7D27-E3DF25F30FB8}.Debug|Any CPU.Build.0 = Debug|Any CPU
		{207F7920-58FB-258F-7D27-E3DF25F30FB8}.Release|Any CPU.ActiveCfg = Release|Any CPU
		{207F7920-58FB-258F-7D27-E3DF25F30FB8}.Release|Any CPU.Build.0 = Release|Any CPU
		{C37BE796-A8D2-BB78-8873-A5C9B6BBAEA3}.Debug|Any CPU.ActiveCfg = Debug|Any CPU
		{C37BE796-A8D2-BB78-8873-A5C9B6BBAEA3}.Debug|Any CPU.Build.0 = Debug|Any CPU
		{C37BE796-A8D2-BB78-8873-A5C9B6BBAEA3}.Release|Any CPU.ActiveCfg = Release|Any CPU
		{C37BE796-A8D2-BB78-8873-A5C9B6BBAEA3}.Release|Any CPU.Build.0 = Release|Any CPU
	EndGlobalSection
	GlobalSection(SolutionProperties) = preSolution
		HideSolutionNode = FALSE
	EndGlobalSection
																													GlobalSection(MonoDevelopProperties) = preSolution
		StartupItem = Assembly-CSharp.csproj
		Policies = $0
		$0.TextStylePolicy = $1
		$1.inheritsSet = null
		$1.scope = text/x-csharp
		$0.CSharpFormattingPolicy = $2
		$2.inheritsSet = Mono
		$2.inheritsScope = text/x-csharp
		$2.scope = text/x-csharp
		$0.TextStylePolicy = $3
		$3.FileWidth = 120
		$3.TabWidth = 4
		$3.IndentWidth = 4
		$3.EolMarker = Unix
		$3.inheritsSet = Mono
		$3.inheritsScope = text/plain
		$3.scope = text/plain
	EndGlobalSection

EndGlobal
